
Microsoft Visual Studio Solution File, Format Version 12.00
# Visual Studio 15
VisualStudioVersion = 15.0.27703.2026
MinimumVisualStudioVersion = 10.0.40219.1
Project("{FAE04EC0-301F-11D3-BF4B-00C04F79EFBC}") = "ConfigCastling", "ConfigCastling\ConfigCastling.csproj", "{C2E30609-31D8-421C-9FD5-BBA9527E070D}"
EndProject
Global
	GlobalSection(SolutionConfigurationPlatforms) = preSolution
		Debug|Any CPU = Debug|Any CPU
		Release|Any CPU = Release|Any CPU
	EndGlobalSection
	GlobalSection(ProjectConfigurationPlatforms) = postSolution
		{C2E30609-31D8-421C-9FD5-BBA9527E070D}.Debug|Any CPU.ActiveCfg = Debug|Any CPU
		{C2E30609-31D8-421C-9FD5-BBA9527E070D}.Debug|Any CPU.Build.0 = Debug|Any CPU
		{C2E30609-31D8-421C-9FD5-BBA9527E070D}.Release|Any CPU.ActiveCfg = Release|Any CPU
		{C2E30609-31D8-421C-9FD5-BBA9527E070D}.Release|Any CPU.Build.0 = Release|Any CPU
	EndGlobalSection
	GlobalSection(SolutionProperties) = preSolution
		HideSolutionNode = FALSE
	EndGlobalSection
	GlobalSection(ExtensibilityGlobals) = postSolution
		SolutionGuid = {7A232602-4904-454E-B6DE-DE5DB8A16463}
	EndGlobalSection
EndGlobal
